
Microsoft Visual Studio Solution File, Format Version 12.00
# Visual Studio Version 17
VisualStudioVersion = 17.14.37012.4
MinimumVisualStudioVersion = 10.0.40219.1
Project("{FAE04EC0-301F-11D3-BF4B-00C04F79EFBC}") = "Quality-Vision", "Quality-Vision.csproj", "{09695AE6-C0D7-4A2A-AD84-192D7D7C1E25}"
EndProject
Global
	GlobalSection(SolutionConfigurationPlatforms) = preSolution
		Debug|Any CPU = Debug|Any CPU
		Release|Any CPU = Release|Any CPU
	EndGlobalSection
	GlobalSection(ProjectConfigurationPlatforms) = postSolution
		{09695AE6-C0D7-4A2A-AD84-192D7D7C1E25}.Debug|Any CPU.ActiveCfg = Debug|Any CPU
		{09695AE6-C0D7-4A2A-AD84-192D7D7C1E25}.Debug|Any CPU.Build.0 = Debug|Any CPU
		{09695AE6-C0D7-4A2A-AD84-192D7D7C1E25}.Release|Any CPU.ActiveCfg = Release|Any CPU
		{09695AE6-C0D7-4A2A-AD84-192D7D7C1E25}.Release|Any CPU.Build.0 = Release|Any CPU
	EndGlobalSection
	GlobalSection(SolutionProperties) = preSolution
		HideSolutionNode = FALSE
	EndGlobalSection
	GlobalSection(ExtensibilityGlobals) = postSolution
		SolutionGuid = {0E57CC3D-5815-4E37-BFE6-660A64054E1C}
	EndGlobalSection
EndGlobal
